// !$*UTF8*$!
{
	archiveVersion = 1;
	classes = {
	};
	objectVersion = 46;
	objects = {

/* Begin PBXBuildFile section */
		3F3EF7381AD5B7DD008CAF77 /* 1194989442932416363sword_01.svg.hi.png in Resources */ = {isa = PBXBuildFile; fileRef = 3F3EF7371AD5B7DD008CAF77 /* 1194989442932416363sword_01.svg.hi.png */; };
		3FB76E561AD06A0A008EEE78 /* main.m in Sources */ = {isa = PBXBuildFile; fileRef = 3FB76E551AD06A0A008EEE78 /* main.m */; };
		3FB76E591AD06A0A008EEE78 /* AppDelegate.m in Sources */ = {isa = PBXBuildFile; fileRef = 3FB76E581AD06A0A008EEE78 /* AppDelegate.m */; };
		3FB76E5C1AD06A0A008EEE78 /* ViewController.m in Sources */ = {isa = PBXBuildFile; fileRef = 3FB76E5B1AD06A0A008EEE78 /* ViewController.m */; };
		3FB76E5F1AD06A0A008EEE78 /* Main.storyboard in Resources */ = {isa = PBXBuildFile; fileRef = 3FB76E5D1AD06A0A008EEE78 /* Main.storyboard */; };
		3FB76E611AD06A0A008EEE78 /* Images.xcassets in Resources */ = {isa = PBXBuildFile; fileRef = 3FB76E601AD06A0A008EEE78 /* Images.xcassets */; };
		3FB76E641AD06A0A008EEE78 /* LaunchScreen.xib in Resources */ = {isa = PBXBuildFile; fileRef = 3FB76E621AD06A0A008EEE78 /* LaunchScreen.xib */; };
		3FB76E701AD06A0A008EEE78 /* gameShopTests.m in Sources */ = {isa = PBXBuildFile; fileRef = 3FB76E6F1AD06A0A008EEE78 /* gameShopTests.m */; };
		3FB76E7A1AD06B9C008EEE78 /* ShopTableViewController.m in Sources */ = {isa = PBXBuildFile; fileRef = 3FB76E791AD06B9C008EEE78 /* ShopTableViewController.m */; };
		3FB76E7D1AD06C78008EEE78 /* ShopDataSource.m in Sources */ = {isa = PBXBuildFile; fileRef = 3FB76E7C1AD06C78008EEE78 /* ShopDataSource.m */; };
		3FB76E801AD06DA4008EEE78 /* Skin.m in Sources */ = {isa = PBXBuildFile; fileRef = 3FB76E7F1AD06DA4008EEE78 /* Skin.m */; };
/* End PBXBuildFile section */

/* Begin PBXContainerItemProxy section */
		3FB76E6A1AD06A0A008EEE78 /* PBXContainerItemProxy */ = {
			isa = PBXContainerItemProxy;
			containerPortal = 3FB76E481AD06A0A008EEE78 /* Project object */;
			proxyType = 1;
			remoteGlobalIDString = 3FB76E4F1AD06A0A008EEE78;
			remoteInfo = gameShop;
		};
/* End PBXContainerItemProxy section */

/* Begin PBXFileReference section */
		3F3EF7371AD5B7DD008CAF77 /* 1194989442932416363sword_01.svg.hi.png */ = {isa = PBXFileReference; lastKnownFileType = image.png; path = 1194989442932416363sword_01.svg.hi.png; sourceTree = "<group>"; };
		3FB76E501AD06A0A008EEE78 /* gameShop.app */ = {isa = PBXFileReference; explicitFileType = wrapper.application; includeInIndex = 0; path = gameShop.app; sourceTree = BUILT_PRODUCTS_DIR; };
		3FB76E541AD06A0A008EEE78 /* Info.plist */ = {isa = PBXFileReference; lastKnownFileType = text.plist.xml; path = Info.plist; sourceTree = "<group>"; };
		3FB76E551AD06A0A008EEE78 /* main.m */ = {isa = PBXFileReference; lastKnownFileType = sourcecode.c.objc; path = main.m; sourceTree = "<group>"; };
		3FB76E571AD06A0A008EEE78 /* AppDelegate.h */ = {isa = PBXFileReference; lastKnownFileType = sourcecode.c.h; path = AppDelegate.h; sourceTree = "<group>"; };
		3FB76E581AD06A0A008EEE78 /* AppDelegate.m */ = {isa = PBXFileReference; lastKnownFileType = sourcecode.c.objc; path = AppDelegate.m; sourceTree = "<group>"; };
		3FB76E5A1AD06A0A008EEE78 /* ViewController.h */ = {isa = PBXFileReference; lastKnownFileType = sourcecode.c.h; path = ViewController.h; sourceTree = "<group>"; };
		3FB76E5B1AD06A0A008EEE78 /* ViewController.m */ = {isa = PBXFileReference; lastKnownFileType = sourcecode.c.objc; path = ViewController.m; sourceTree = "<group>"; };
		3FB76E5E1AD06A0A008EEE78 /* Base */ = {isa = PBXFileReference; lastKnownFileType = file.storyboard; name = Base; path = Base.lproj/Main.storyboard; sourceTree = "<group>"; };
		3FB76E601AD06A0A008EEE78 /* Images.xcassets */ = {isa = PBXFileReference; lastKnownFileType = folder.assetcatalog; path = Images.xcassets; sourceTree = "<group>"; };
		3FB76E631AD06A0A008EEE78 /* Base */ = {isa = PBXFileReference; lastKnownFileType = file.xib; name = Base; path = Base.lproj/LaunchScreen.xib; sourceTree = "<group>"; };
		3FB76E691AD06A0A008EEE78 /* gameShopTests.xctest */ = {isa = PBXFileReference; explicitFileType = wrapper.cfbundle; includeInIndex = 0; path = gameShopTests.xctest; sourceTree = BUILT_PRODUCTS_DIR; };
		3FB76E6E1AD06A0A008EEE78 /* Info.plist */ = {isa = PBXFileReference; lastKnownFileType = text.plist.xml; path = Info.plist; sourceTree = "<group>"; };
		3FB76E6F1AD06A0A008EEE78 /* gameShopTests.m */ = {isa = PBXFileReference; lastKnownFileType = sourcecode.c.objc; path = gameShopTests.m; sourceTree = "<group>"; };
		3FB76E791AD06B9C008EEE78 /* ShopTableViewController.m */ = {isa = PBXFileReference; fileEncoding = 4; lastKnownFileType = sourcecode.c.objc; path = ShopTableViewController.m; sourceTree = "<group>"; };
		3FB76E7B1AD06BB2008EEE78 /* ShopTableViewController.h */ = {isa = PBXFileReference; fileEncoding = 4; lastKnownFileType = sourcecode.c.h; path = ShopTableViewController.h; sourceTree = "<group>"; };
		3FB76E7C1AD06C78008EEE78 /* ShopDataSource.m */ = {isa = PBXFileReference; fileEncoding = 4; lastKnownFileType = sourcecode.c.objc; path = ShopDataSource.m; sourceTree = "<group>"; };
		3FB76E7E1AD06C8B008EEE78 /* ShopDataSource.h */ = {isa = PBXFileReference; fileEncoding = 4; lastKnownFileType = sourcecode.c.h; path = ShopDataSource.h; sourceTree = "<group>"; };
		3FB76E7F1AD06DA4008EEE78 /* Skin.m */ = {isa = PBXFileReference; fileEncoding = 4; lastKnownFileType = sourcecode.c.objc; path = Skin.m; sourceTree = "<group>"; };
		3FB76E811AD06DBF008EEE78 /* Skin.h */ = {isa = PBXFileReference; fileEncoding = 4; lastKnownFileType = sourcecode.c.h; path = Skin.h; sourceTree = "<group>"; };
/* End PBXFileReference section */

/* Begin PBXFrameworksBuildPhase section */
		3FB76E4D1AD06A0A008EEE78 /* Frameworks */ = {
			isa = PBXFrameworksBuildPhase;
			buildActionMask = 2147483647;
			files = (
			);
			runOnlyForDeploymentPostprocessing = 0;
		};
		3FB76E661AD06A0A008EEE78 /* Frameworks */ = {
			isa = PBXFrameworksBuildPhase;
			buildActionMask = 2147483647;
			files = (
			);
			runOnlyForDeploymentPostprocessing = 0;
		};
/* End PBXFrameworksBuildPhase section */

/* Begin PBXGroup section */
		3FB76E471AD06A0A008EEE78 = {
			isa = PBXGroup;
			children = (
				3FB76E521AD06A0A008EEE78 /* gameShop */,
				3FB76E6C1AD06A0A008EEE78 /* gameShopTests */,
				3FB76E511AD06A0A008EEE78 /* Products */,
			);
			sourceTree = "<group>";
		};
		3FB76E511AD06A0A008EEE78 /* Products */ = {
			isa = PBXGroup;
			children = (
				3FB76E501AD06A0A008EEE78 /* gameShop.app */,
				3FB76E691AD06A0A008EEE78 /* gameShopTests.xctest */,
			);
			name = Products;
			sourceTree = "<group>";
		};
		3FB76E521AD06A0A008EEE78 /* gameShop */ = {
			isa = PBXGroup;
			children = (
				3FB76E811AD06DBF008EEE78 /* Skin.h */,
				3FB76E7F1AD06DA4008EEE78 /* Skin.m */,
				3FB76E7B1AD06BB2008EEE78 /* ShopTableViewController.h */,
				3FB76E791AD06B9C008EEE78 /* ShopTableViewController.m */,
				3FB76E7E1AD06C8B008EEE78 /* ShopDataSource.h */,
				3FB76E7C1AD06C78008EEE78 /* ShopDataSource.m */,
				3FB76E5A1AD06A0A008EEE78 /* ViewController.h */,
				3FB76E5B1AD06A0A008EEE78 /* ViewController.m */,
				3FB76E571AD06A0A008EEE78 /* AppDelegate.h */,
				3FB76E581AD06A0A008EEE78 /* AppDelegate.m */,
				3FB76E5D1AD06A0A008EEE78 /* Main.storyboard */,
				3FB76E601AD06A0A008EEE78 /* Images.xcassets */,
				3FB76E621AD06A0A008EEE78 /* LaunchScreen.xib */,
				3FB76E531AD06A0A008EEE78 /* Supporting Files */,
			);
			path = gameShop;
			sourceTree = "<group>";
		};
		3FB76E531AD06A0A008EEE78 /* Supporting Files */ = {
			isa = PBXGroup;
			children = (
				3F3EF7371AD5B7DD008CAF77 /* 1194989442932416363sword_01.svg.hi.png */,
				3FB76E541AD06A0A008EEE78 /* Info.plist */,
				3FB76E551AD06A0A008EEE78 /* main.m */,
			);
			name = "Supporting Files";
			sourceTree = "<group>";
		};
		3FB76E6C1AD06A0A008EEE78 /* gameShopTests */ = {
			isa = PBXGroup;
			children = (
				3FB76E6F1AD06A0A008EEE78 /* gameShopTests.m */,
				3FB76E6D1AD06A0A008EEE78 /* Supporting Files */,
			);
			path = gameShopTests;
			sourceTree = "<group>";
		};
		3FB76E6D1AD06A0A008EEE78 /* Supporting Files */ = {
			isa = PBXGroup;
			children = (
				3FB76E6E1AD06A0A008EEE78 /* Info.plist */,
			);
			name = "Supporting Files";
			sourceTree = "<group>";
		};
/* End PBXGroup section */

/* Begin PBXNativeTarget section */
		3FB76E4F1AD06A0A008EEE78 /* gameShop */ = {
			isa = PBXNativeTarget;
			buildConfigurationList = 3FB76E731AD06A0A008EEE78 /* Build configuration list for PBXNativeTarget "gameShop" */;
			buildPhases = (
				3FB76E4C1AD06A0A008EEE78 /* Sources */,
				3FB76E4D1AD06A0A008EEE78 /* Frameworks */,
				3FB76E4E1AD06A0A008EEE78 /* Resources */,
			);
			buildRules = (
			);
			dependencies = (
			);
			name = gameShop;
			productName = gameShop;
			productReference = 3FB76E501AD06A0A008EEE78 /* gameShop.app */;
			productType = "com.apple.product-type.application";
		};
		3FB76E681AD06A0A008EEE78 /* gameShopTests */ = {
			isa = PBXNativeTarget;
			buildConfigurationList = 3FB76E761AD06A0A008EEE78 /* Build configuration list for PBXNativeTarget "gameShopTests" */;
			buildPhases = (
				3FB76E651AD06A0A008EEE78 /* Sources */,
				3FB76E661AD06A0A008EEE78 /* Frameworks */,
				3FB76E671AD06A0A008EEE78 /* Resources */,
			);
			buildRules = (
			);
			dependencies = (
				3FB76E6B1AD06A0A008EEE78 /* PBXTargetDependency */,
			);
			name = gameShopTests;
			productName = gameShopTests;
			productReference = 3FB76E691AD06A0A008EEE78 /* gameShopTests.xctest */;
			productType = "com.apple.product-type.bundle.unit-test";
		};
/* End PBXNativeTarget section */

/* Begin PBXProject section */
		3FB76E481AD06A0A008EEE78 /* Project object */ = {
			isa = PBXProject;
			attributes = {
				LastUpgradeCheck = 0610;
				ORGANIZATIONNAME = SSU;
				TargetAttributes = {
					3FB76E4F1AD06A0A008EEE78 = {
						CreatedOnToolsVersion = 6.1.1;
					};
					3FB76E681AD06A0A008EEE78 = {
						CreatedOnToolsVersion = 6.1.1;
						TestTargetID = 3FB76E4F1AD06A0A008EEE78;
					};
				};
			};
			buildConfigurationList = 3FB76E4B1AD06A0A008EEE78 /* Build configuration list for PBXProject "gameShop" */;
			compatibilityVersion = "Xcode 3.2";
			developmentRegion = English;
			hasScannedForEncodings = 0;
			knownRegions = (
				en,
				Base,
			);
			mainGroup = 3FB76E471AD06A0A008EEE78;
			productRefGroup = 3FB76E511AD06A0A008EEE78 /* Products */;
			projectDirPath = "";
			projectRoot = "";
			targets = (
				3FB76E4F1AD06A0A008EEE78 /* gameShop */,
				3FB76E681AD06A0A008EEE78 /* gameShopTests */,
			);
		};
/* End PBXProject section */

/* Begin PBXResourcesBuildPhase section */
		3FB76E4E1AD06A0A008EEE78 /* Resources */ = {
			isa = PBXResourcesBuildPhase;
			buildActionMask = 2147483647;
			files = (
				3FB76E5F1AD06A0A008EEE78 /* Main.storyboard in Resources */,
				3F3EF7381AD5B7DD008CAF77 /* 1194989442932416363sword_01.svg.hi.png in Resources */,
				3FB76E641AD06A0A008EEE78 /* LaunchScreen.xib in Resources */,
				3FB76E611AD06A0A008EEE78 /* Images.xcassets in Resources */,
			);
			runOnlyForDeploymentPostprocessing = 0;
		};
		3FB76E671AD06A0A008EEE78 /* Resources */ = {
			isa = PBXResourcesBuildPhase;
			buildActionMask = 2147483647;
			files = (
			);
			runOnlyForDeploymentPostprocessing = 0;
		};
/* End PBXResourcesBuildPhase section */

/* Begin PBXSourcesBuildPhase section */
		3FB76E4C1AD06A0A008EEE78 /* Sources */ = {
			isa = PBXSourcesBuildPhase;
			buildActionMask = 2147483647;
			files = (
				3FB76E5C1AD06A0A008EEE78 /* ViewController.m in Sources */,
				3FB76E7D1AD06C78008EEE78 /* ShopDataSource.m in Sources */,
				3FB76E7A1AD06B9C008EEE78 /* ShopTableViewController.m in Sources */,
				3FB76E591AD06A0A008EEE78 /* AppDelegate.m in Sources */,
				3FB76E801AD06DA4008EEE78 /* Skin.m in Sources */,
				3FB76E561AD06A0A008EEE78 /* main.m in Sources */,
			);
			runOnlyForDeploymentPostprocessing = 0;
		};
		3FB76E651AD06A0A008EEE78 /* Sources */ = {
			isa = PBXSourcesBuildPhase;
			buildActionMask = 2147483647;
			files = (
				3FB76E701AD06A0A008EEE78 /* gameShopTests.m in Sources */,
			);
			runOnlyForDeploymentPostprocessing = 0;
		};
/* End PBXSourcesBuildPhase section */

/* Begin PBXTargetDependency section */
		3FB76E6B1AD06A0A008EEE78 /* PBXTargetDependency */ = {
			isa = PBXTargetDependency;
			target = 3FB76E4F1AD06A0A008EEE78 /* gameShop */;
			targetProxy = 3FB76E6A1AD06A0A008EEE78 /* PBXContainerItemProxy */;
		};
/* End PBXTargetDependency section */

/* Begin PBXVariantGroup section */
		3FB76E5D1AD06A0A008EEE78 /* Main.storyboard */ = {
			isa = PBXVariantGroup;
			children = (
				3FB76E5E1AD06A0A008EEE78 /* Base */,
			);
			name = Main.storyboard;
			sourceTree = "<group>";
		};
		3FB76E621AD06A0A008EEE78 /* LaunchScreen.xib */ = {
			isa = PBXVariantGroup;
			children = (
				3FB76E631AD06A0A008EEE78 /* Base */,
			);
			name = LaunchScreen.xib;
			sourceTree = "<group>";
		};
/* End PBXVariantGroup section */

/* Begin XCBuildConfiguration section */
		3FB76E711AD06A0A008EEE78 /* Debug */ = {
			isa = XCBuildConfiguration;
			buildSettings = {
				ALWAYS_SEARCH_USER_PATHS = NO;
				CLANG_CXX_LANGUAGE_STANDARD = "gnu++0x";
				CLANG_CXX_LIBRARY = "libc++";
				CLANG_ENABLE_MODULES = YES;
				CLANG_ENABLE_OBJC_ARC = YES;
				CLANG_WARN_BOOL_CONVERSION = YES;
				CLANG_WARN_CONSTANT_CONVERSION = YES;
				CLANG_WARN_DIRECT_OBJC_ISA_USAGE = YES_ERROR;
				CLANG_WARN_EMPTY_BODY = YES;
				CLANG_WARN_ENUM_CONVERSION = YES;
				CLANG_WARN_INT_CONVERSION = YES;
				CLANG_WARN_OBJC_ROOT_CLASS = YES_ERROR;
				CLANG_WARN_UNREACHABLE_CODE = YES;
				CLANG_WARN__DUPLICATE_METHOD_MATCH = YES;
				"CODE_SIGN_IDENTITY[sdk=iphoneos*]" = "iPhone Developer";
				COPY_PHASE_STRIP = NO;
				ENABLE_STRICT_OBJC_MSGSEND = YES;
				GCC_C_LANGUAGE_STANDARD = gnu99;
				GCC_DYNAMIC_NO_PIC = NO;
				GCC_OPTIMIZATION_LEVEL = 0;
				GCC_PREPROCESSOR_DEFINITIONS = (
					"DEBUG=1",
					"$(inherited)",
				);
				GCC_SYMBOLS_PRIVATE_EXTERN = NO;
				GCC_WARN_64_TO_32_BIT_CONVERSION = YES;
				GCC_WARN_ABOUT_RETURN_TYPE = YES_ERROR;
				GCC_WARN_UNDECLARED_SELECTOR = YES;
				GCC_WARN_UNINITIALIZED_AUTOS = YES_AGGRESSIVE;
				GCC_WARN_UNUSED_FUNCTION = YES;
				GCC_WARN_UNUSED_VARIABLE = YES;
				IPHONEOS_DEPLOYMENT_TARGET = 8.1;
				MTL_ENABLE_DEBUG_INFO = YES;
				ONLY_ACTIVE_ARCH = YES;
				SDKROOT = iphoneos;
			};
			name = Debug;
		};
		3FB76E721AD06A0A008EEE78 /* Release */ = {
			isa = XCBuildConfiguration;
			buildSettings = {
				ALWAYS_SEARCH_USER_PATHS = NO;
				CLANG_CXX_LANGUAGE_STANDARD = "gnu++0x";
				CLANG_CXX_LIBRARY = "libc++";
				CLANG_ENABLE_MODULES = YES;
				CLANG_ENABLE_OBJC_ARC = YES;
				CLANG_WARN_BOOL_CONVERSION = YES;
				CLANG_WARN_CONSTANT_CONVERSION = YES;
				CLANG_WARN_DIRECT_OBJC_ISA_USAGE = YES_ERROR;
				CLANG_WARN_EMPTY_BODY = YES;
				CLANG_WARN_ENUM_CONVERSION = YES;
				CLANG_WARN_INT_CONVERSION = YES;
				CLANG_WARN_OBJC_ROOT_CLASS = YES_ERROR;
				CLANG_WARN_UNREACHABLE_CODE = YES;
				CLANG_WARN__DUPLICATE_METHOD_MATCH = YES;
				"CODE_SIGN_IDENTITY[sdk=iphoneos*]" = "iPhone Developer";
				COPY_PHASE_STRIP = YES;
				ENABLE_NS_ASSERTIONS = NO;
				ENABLE_STRICT_OBJC_MSGSEND = YES;
				GCC_C_LANGUAGE_STANDARD = gnu99;
				GCC_WARN_64_TO_32_BIT_CONVERSION = YES;
				GCC_WARN_ABOUT_RETURN_TYPE = YES_ERROR;
				GCC_WARN_UNDECLARED_SELECTOR = YES;
				GCC_WARN_UNINITIALIZED_AUTOS = YES_AGGRESSIVE;
				GCC_WARN_UNUSED_FUNCTION = YES;
				GCC_WARN_UNUSED_VARIABLE = YES;
				IPHONEOS_DEPLOYMENT_TARGET = 8.1;
				MTL_ENABLE_DEBUG_INFO = NO;
				SDKROOT = iphoneos;
				VALIDATE_PRODUCT = YES;
			};
			name = Release;
		};
		3FB76E741AD06A0A008EEE78 /* Debug */ = {
			isa = XCBuildConfiguration;
			buildSettings = {
				ASSETCATALOG_COMPILER_APPICON_NAME = AppIcon;
				INFOPLIST_FILE = gameShop/Info.plist;
				LD_RUNPATH_SEARCH_PATHS = "$(inherited) @executable_path/Frameworks";
				PRODUCT_NAME = "$(TARGET_NAME)";
			};
			name = Debug;
		};
		3FB76E751AD06A0A008EEE78 /* Release */ = {
			isa = XCBuildConfiguration;
			buildSettings = {
				ASSETCATALOG_COMPILER_APPICON_NAME = AppIcon;
				INFOPLIST_FILE = gameShop/Info.plist;
				LD_RUNPATH_SEARCH_PATHS = "$(inherited) @executable_path/Frameworks";
				PRODUCT_NAME = "$(TARGET_NAME)";
			};
			name = Release;
		};
		3FB76E771AD06A0A008EEE78 /* Debug */ = {
			isa = XCBuildConfiguration;
			buildSettings = {
				BUNDLE_LOADER = "$(TEST_HOST)";
				FRAMEWORK_SEARCH_PATHS = (
					"$(SDKROOT)/Developer/Library/Frameworks",
					"$(inherited)",
				);
				GCC_PREPROCESSOR_DEFINITIONS = (
					"DEBUG=1",
					"$(inherited)",
				);
				INFOPLIST_FILE = gameShopTests/Info.plist;
				LD_RUNPATH_SEARCH_PATHS = "$(inherited) @executable_path/Frameworks @loader_path/Frameworks";
				PRODUCT_NAME = "$(TARGET_NAME)";
				TEST_HOST = "$(BUILT_PRODUCTS_DIR)/gameShop.app/gameShop";
			};
			name = Debug;
		};
		3FB76E781AD06A0A008EEE78 /* Release */ = {
			isa = XCBuildConfiguration;
			buildSettings = {
				BUNDLE_LOADER = "$(TEST_HOST)";
				FRAMEWORK_SEARCH_PATHS = (
					"$(SDKROOT)/Developer/Library/Frameworks",
					"$(inherited)",
				);
				INFOPLIST_FILE = gameShopTests/Info.plist;
				LD_RUNPATH_SEARCH_PATHS = "$(inherited) @executable_path/Frameworks @loader_path/Frameworks";
				PRODUCT_NAME = "$(TARGET_NAME)";
				TEST_HOST = "$(BUILT_PRODUCTS_DIR)/gameShop.app/gameShop";
			};
			name = Release;
		};
/* End XCBuildConfiguration section */

/* Begin XCConfigurationList section */
		3FB76E4B1AD06A0A008EEE78 /* Build configuration list for PBXProject "gameShop" */ = {
			isa = XCConfigurationList;
			buildConfigurations = (
				3FB76E711AD06A0A008EEE78 /* Debug */,
				3FB76E721AD06A0A008EEE78 /* Release */,
			);
			defaultConfigurationIsVisible = 0;
			defaultConfigurationName = Release;
		};
		3FB76E731AD06A0A008EEE78 /* Build configuration list for PBXNativeTarget "gameShop" */ = {
			isa = XCConfigurationList;
			buildConfigurations = (
				3FB76E741AD06A0A008EEE78 /* Debug */,
				3FB76E751AD06A0A008EEE78 /* Release */,
			);
			defaultConfigurationIsVisible = 0;
			defaultConfigurationName = Release;
		};
		3FB76E761AD06A0A008EEE78 /* Build configuration list for PBXNativeTarget "gameShopTests" */ = {
			isa = XCConfigurationList;
			buildConfigurations = (
				3FB76E771AD06A0A008EEE78 /* Debug */,
				3FB76E781AD06A0A008EEE78 /* Release */,
			);
			defaultConfigurationIsVisible = 0;
			defaultConfigurationName = Release;
		};
/* End XCConfigurationList section */
	};
	rootObject = 3FB76E481AD06A0A008EEE78 /* Project object */;
}
